
Microsoft Visual Studio Solution File, Format Version 12.00
# Visual Studio Version 17
VisualStudioVersion = 17.0.32014.148
MinimumVisualStudioVersion = 10.0.40219.1
Project("{2150E333-8FDC-42A3-9474-1A3956D46DE8}") = "Modules", "Modules", "{27AF80D9-F703-446C-A94C-6D3322AD23B8}"
EndProject
Project("{2150E333-8FDC-42A3-9474-1A3956D46DE8}") = "Client", "Client", "{1AAD59AE-6D19-47E7-8469-BC986751F496}"
EndProject
Project("{8BC9CEB8-8B4A-11D0-8D11-00A0C91BC942}") = "Dragon.Module.Flash", "Dragon.Module.Flash\Dragon.Module.Flash.vcxproj", "{B033CDEC-FCF8-452A-89EA-96294FB558DA}"
EndProject
Project("{8BC9CEB8-8B4A-11D0-8D11-00A0C91BC942}") = "Dragon.Launch", "Dragon.Launch\Dragon.Launch.vcxproj", "{3FF34696-EE75-4A8A-B310-D660CFE28F64}"
EndProject
Project("{2150E333-8FDC-42A3-9474-1A3956D46DE8}") = "Libraries", "Libraries", "{42302B9F-89B5-44C4-8221-F7947B5AA374}"
EndProject
Project("{8BC9CEB8-8B4A-11D0-8D11-00A0C91BC942}") = "Dragon.Module", "Dragon.Module\Dragon.Module.vcxproj", "{31BD181C-8E4A-4849-B401-FBB4CC331B31}"
EndProject
Project("{8BC9CEB8-8B4A-11D0-8D11-00A0C91BC942}") = "Dragon.Module.Connect", "Dragon.Module.Connect\Dragon.Module.Connect.vcxproj", "{19ACDEAB-2B06-4033-AF73-D35D6F61DF58}"
EndProject
Project("{8BC9CEB8-8B4A-11D0-8D11-00A0C91BC942}") = "Dragon.Module.Websites", "Dragon.Module.Websites\Dragon.Module.Websites.vcxproj", "{65BDF965-F294-4F27-8278-CDEDAFBC3EA7}"
EndProject
Global
	GlobalSection(SolutionConfigurationPlatforms) = preSolution
		Debug|Any CPU = Debug|Any CPU
		Debug|ARM = Debug|ARM
		Debug|ARM64 = Debug|ARM64
		Debug|x64 = Debug|x64
		Debug|x86 = Debug|x86
		Release|Any CPU = Release|Any CPU
		Release|ARM = Release|ARM
		Release|ARM64 = Release|ARM64
		Release|x64 = Release|x64
		Release|x86 = Release|x86
	EndGlobalSection
	GlobalSection(ProjectConfigurationPlatforms) = postSolution
		{B033CDEC-FCF8-452A-89EA-96294FB558DA}.Debug|Any CPU.ActiveCfg = Debug|Win32
		{B033CDEC-FCF8-452A-89EA-96294FB558DA}.Debug|Any CPU.Build.0 = Debug|Win32
		{B033CDEC-FCF8-452A-89EA-96294FB558DA}.Debug|ARM.ActiveCfg = Debug|x64
		{B033CDEC-FCF8-452A-89EA-96294FB558DA}.Debug|ARM.Build.0 = Debug|x64
		{B033CDEC-FCF8-452A-89EA-96294FB558DA}.Debug|ARM64.ActiveCfg = Debug|x64
		{B033CDEC-FCF8-452A-89EA-96294FB558DA}.Debug|ARM64.Build.0 = Debug|x64
		{B033CDEC-FCF8-452A-89EA-96294FB558DA}.Debug|x64.ActiveCfg = Debug|x64
		{B033CDEC-FCF8-452A-89EA-96294FB558DA}.Debug|x64.Build.0 = Debug|x64
		{B033CDEC-FCF8-452A-89EA-96294FB558DA}.Debug|x86.ActiveCfg = Debug|Win32
		{B033CDEC-FCF8-452A-89EA-96294FB558DA}.Debug|x86.Build.0 = Debug|Win32
		{B033CDEC-FCF8-452A-89EA-96294FB558DA}.Release|Any CPU.ActiveCfg = Release|Win32
		{B033CDEC-FCF8-452A-89EA-96294FB558DA}.Release|Any CPU.Build.0 = Release|Win32
		{B033CDEC-FCF8-452A-89EA-96294FB558DA}.Release|ARM.ActiveCfg = Release|x64
		{B033CDEC-FCF8-452A-89EA-96294FB558DA}.Release|ARM.Build.0 = Release|x64
		{B033CDEC-FCF8-452A-89EA-96294FB558DA}.Release|ARM64.ActiveCfg = Release|x64
		{B033CDEC-FCF8-452A-89EA-96294FB558DA}.Release|ARM64.Build.0 = Release|x64
		{B033CDEC-FCF8-452A-89EA-96294FB558DA}.Release|x64.ActiveCfg = Release|x64
		{B033CDEC-FCF8-452A-89EA-96294FB558DA}.Release|x64.Build.0 = Release|x64
		{B033CDEC-FCF8-452A-89EA-96294FB558DA}.Release|x86.ActiveCfg = Release|Win32
		{B033CDEC-FCF8-452A-89EA-96294FB558DA}.Release|x86.Build.0 = Release|Win32
		{3FF34696-EE75-4A8A-B310-D660CFE28F64}.Debug|Any CPU.ActiveCfg = Debug|Win32
		{3FF34696-EE75-4A8A-B310-D660CFE28F64}.Debug|Any CPU.Build.0 = Debug|Win32
		{3FF34696-EE75-4A8A-B310-D660CFE28F64}.Debug|ARM.ActiveCfg = Debug|x64
		{3FF34696-EE75-4A8A-B310-D660CFE28F64}.Debug|ARM.Build.0 = Debug|x64
		{3FF34696-EE75-4A8A-B310-D660CFE28F64}.Debug|ARM64.ActiveCfg = Debug|x64
		{3FF34696-EE75-4A8A-B310-D660CFE28F64}.Debug|ARM64.Build.0 = Debug|x64
		{3FF34696-EE75-4A8A-B310-D660CFE28F64}.Debug|x64.ActiveCfg = Debug|x64
		{3FF34696-EE75-4A8A-B310-D660CFE28F64}.Debug|x64.Build.0 = Debug|x64
		{3FF34696-EE75-4A8A-B310-D660CFE28F64}.Debug|x86.ActiveCfg = Debug|Win32
		{3FF34696-EE75-4A8A-B310-D660CFE28F64}.Debug|x86.Build.0 = Debug|Win32
		{3FF34696-EE75-4A8A-B310-D660CFE28F64}.Release|Any CPU.ActiveCfg = Release|Win32
		{3FF34696-EE75-4A8A-B310-D660CFE28F64}.Release|Any CPU.Build.0 = Release|Win32
		{3FF34696-EE75-4A8A-B310-D660CFE28F64}.Release|ARM.ActiveCfg = Release|x64
		{3FF34696-EE75-4A8A-B310-D660CFE28F64}.Release|ARM.Build.0 = Release|x64
		{3FF34696-EE75-4A8A-B310-D660CFE28F64}.Release|ARM64.ActiveCfg = Release|x64
		{3FF34696-EE75-4A8A-B310-D660CFE28F64}.Release|ARM64.Build.0 = Release|x64
		{3FF34696-EE75-4A8A-B310-D660CFE28F64}.Release|x64.ActiveCfg = Release|x64
		{3FF34696-EE75-4A8A-B310-D660CFE28F64}.Release|x64.Build.0 = Release|x64
		{3FF34696-EE75-4A8A-B310-D660CFE28F64}.Release|x86.ActiveCfg = Release|Win32
		{3FF34696-EE75-4A8A-B310-D660CFE28F64}.Release|x86.Build.0 = Release|Win32
		{31BD181C-8E4A-4849-B401-FBB4CC331B31}.Debug|Any CPU.ActiveCfg = Debug|Win32
		{31BD181C-8E4A-4849-B401-FBB4CC331B31}.Debug|Any CPU.Build.0 = Debug|Win32
		{31BD181C-8E4A-4849-B401-FBB4CC331B31}.Debug|ARM.ActiveCfg = Debug|x64
		{31BD181C-8E4A-4849-B401-FBB4CC331B31}.Debug|ARM.Build.0 = Debug|x64
		{31BD181C-8E4A-4849-B401-FBB4CC331B31}.Debug|ARM64.ActiveCfg = Debug|x64
		{31BD181C-8E4A-4849-B401-FBB4CC331B31}.Debug|ARM64.Build.0 = Debug|x64
		{31BD181C-8E4A-4849-B401-FBB4CC331B31}.Debug|x64.ActiveCfg = Debug|x64
		{31BD181C-8E4A-4849-B401-FBB4CC331B31}.Debug|x64.Build.0 = Debug|x64
		{31BD181C-8E4A-4849-B401-FBB4CC331B31}.Debug|x86.ActiveCfg = Debug|Win32
		{31BD181C-8E4A-4849-B401-FBB4CC331B31}.Debug|x86.Build.0 = Debug|Win32
		{31BD181C-8E4A-4849-B401-FBB4CC331B31}.Release|Any CPU.ActiveCfg = Release|Win32
		{31BD181C-8E4A-4849-B401-FBB4CC331B31}.Release|Any CPU.Build.0 = Release|Win32
		{31BD181C-8E4A-4849-B401-FBB4CC331B31}.Release|ARM.ActiveCfg = Release|x64
		{31BD181C-8E4A-4849-B401-FBB4CC331B31}.Release|ARM.Build.0 = Release|x64
		{31BD181C-8E4A-4849-B401-FBB4CC331B31}.Release|ARM64.ActiveCfg = Release|x64
		{31BD181C-8E4A-4849-B401-FBB4CC331B31}.Release|ARM64.Build.0 = Release|x64
		{31BD181C-8E4A-4849-B401-FBB4CC331B31}.Release|x64.ActiveCfg = Release|x64
		{31BD181C-8E4A-4849-B401-FBB4CC331B31}.Release|x64.Build.0 = Release|x64
		{31BD181C-8E4A-4849-B401-FBB4CC331B31}.Release|x86.ActiveCfg = Release|Win32
		{31BD181C-8E4A-4849-B401-FBB4CC331B31}.Release|x86.Build.0 = Release|Win32
		{19ACDEAB-2B06-4033-AF73-D35D6F61DF58}.Debug|Any CPU.ActiveCfg = Debug|Win32
		{19ACDEAB-2B06-4033-AF73-D35D6F61DF58}.Debug|Any CPU.Build.0 = Debug|Win32
		{19ACDEAB-2B06-4033-AF73-D35D6F61DF58}.Debug|ARM.ActiveCfg = Debug|x64
		{19ACDEAB-2B06-4033-AF73-D35D6F61DF58}.Debug|ARM.Build.0 = Debug|x64
		{19ACDEAB-2B06-4033-AF73-D35D6F61DF58}.Debug|ARM64.ActiveCfg = Debug|x64
		{19ACDEAB-2B06-4033-AF73-D35D6F61DF58}.Debug|ARM64.Build.0 = Debug|x64
		{19ACDEAB-2B06-4033-AF73-D35D6F61DF58}.Debug|x64.ActiveCfg = Debug|x64
		{19ACDEAB-2B06-4033-AF73-D35D6F61DF58}.Debug|x64.Build.0 = Debug|x64
		{19ACDEAB-2B06-4033-AF73-D35D6F61DF58}.Debug|x86.ActiveCfg = Debug|Win32
		{19ACDEAB-2B06-4033-AF73-D35D6F61DF58}.Debug|x86.Build.0 = Debug|Win32
		{19ACDEAB-2B06-4033-AF73-D35D6F61DF58}.Release|Any CPU.ActiveCfg = Release|Win32
		{19ACDEAB-2B06-4033-AF73-D35D6F61DF58}.Release|Any CPU.Build.0 = Release|Win32
		{19ACDEAB-2B06-4033-AF73-D35D6F61DF58}.Release|ARM.ActiveCfg = Release|x64
		{19ACDEAB-2B06-4033-AF73-D35D6F61DF58}.Release|ARM.Build.0 = Release|x64
		{19ACDEAB-2B06-4033-AF73-D35D6F61DF58}.Release|ARM64.ActiveCfg = Release|x64
		{19ACDEAB-2B06-4033-AF73-D35D6F61DF58}.Release|ARM64.Build.0 = Release|x64
		{19ACDEAB-2B06-4033-AF73-D35D6F61DF58}.Release|x64.ActiveCfg = Release|x64
		{19ACDEAB-2B06-4033-AF73-D35D6F61DF58}.Release|x64.Build.0 = Release|x64
		{19ACDEAB-2B06-4033-AF73-D35D6F61DF58}.Release|x86.ActiveCfg = Release|Win32
		{19ACDEAB-2B06-4033-AF73-D35D6F61DF58}.Release|x86.Build.0 = Release|Win32
		{65BDF965-F294-4F27-8278-CDEDAFBC3EA7}.Debug|Any CPU.ActiveCfg = Debug|Win32
		{65BDF965-F294-4F27-8278-CDEDAFBC3EA7}.Debug|Any CPU.Build.0 = Debug|Win32
		{65BDF965-F294-4F27-8278-CDEDAFBC3EA7}.Debug|ARM.ActiveCfg = Debug|x64
		{65BDF965-F294-4F27-8278-CDEDAFBC3EA7}.Debug|ARM.Build.0 = Debug|x64
		{65BDF965-F294-4F27-8278-CDEDAFBC3EA7}.Debug|ARM64.ActiveCfg = Debug|x64
		{65BDF965-F294-4F27-8278-CDEDAFBC3EA7}.Debug|ARM64.Build.0 = Debug|x64
		{65BDF965-F294-4F27-8278-CDEDAFBC3EA7}.Debug|x64.ActiveCfg = Debug|x64
		{65BDF965-F294-4F27-8278-CDEDAFBC3EA7}.Debug|x64.Build.0 = Debug|x64
		{65BDF965-F294-4F27-8278-CDEDAFBC3EA7}.Debug|x86.ActiveCfg = Debug|Win32
		{65BDF965-F294-4F27-8278-CDEDAFBC3EA7}.Debug|x86.Build.0 = Debug|Win32
		{65BDF965-F294-4F27-8278-CDEDAFBC3EA7}.Release|Any CPU.ActiveCfg = Release|Win32
		{65BDF965-F294-4F27-8278-CDEDAFBC3EA7}.Release|Any CPU.Build.0 = Release|Win32
		{65BDF965-F294-4F27-8278-CDEDAFBC3EA7}.Release|ARM.ActiveCfg = Release|x64
		{65BDF965-F294-4F27-8278-CDEDAFBC3EA7}.Release|ARM.Build.0 = Release|x64
		{65BDF965-F294-4F27-8278-CDEDAFBC3EA7}.Release|ARM64.ActiveCfg = Release|x64
		{65BDF965-F294-4F27-8278-CDEDAFBC3EA7}.Release|ARM64.Build.0 = Release|x64
		{65BDF965-F294-4F27-8278-CDEDAFBC3EA7}.Release|x64.ActiveCfg = Release|x64
		{65BDF965-F294-4F27-8278-CDEDAFBC3EA7}.Release|x64.Build.0 = Release|x64
		{65BDF965-F294-4F27-8278-CDEDAFBC3EA7}.Release|x86.ActiveCfg = Release|Win32
		{65BDF965-F294-4F27-8278-CDEDAFBC3EA7}.Release|x86.Build.0 = Release|Win32
	EndGlobalSection
	GlobalSection(SolutionProperties) = preSolution
		HideSolutionNode = FALSE
	EndGlobalSection
	GlobalSection(NestedProjects) = preSolution
		{B033CDEC-FCF8-452A-89EA-96294FB558DA} = {27AF80D9-F703-446C-A94C-6D3322AD23B8}
		{3FF34696-EE75-4A8A-B310-D660CFE28F64} = {1AAD59AE-6D19-47E7-8469-BC986751F496}
		{31BD181C-8E4A-4849-B401-FBB4CC331B31} = {42302B9F-89B5-44C4-8221-F7947B5AA374}
		{19ACDEAB-2B06-4033-AF73-D35D6F61DF58} = {27AF80D9-F703-446C-A94C-6D3322AD23B8}
		{65BDF965-F294-4F27-8278-CDEDAFBC3EA7} = {27AF80D9-F703-446C-A94C-6D3322AD23B8}
	EndGlobalSection
	GlobalSection(ExtensibilityGlobals) = postSolution
		SolutionGuid = {FDF5D042-B4BE-4DFF-913A-1A39AD35B47B}
	EndGlobalSection
EndGlobal
